Microsoft Visual Studio Solution File, Format Version 12.00
# Visual Studio Version 17
VisualStudioVersion = 17.5.2.0
MinimumVisualStudioVersion = 10.0.40219.1
Project("{2150E333-8FDC-42A3-9474-1A3956D46DE8}") = "examples", "examples", "{B36A84DF-456D-A817-6EDD-3EC3E7F6E11F}"
EndProject
Project("{2150E333-8FDC-42A3-9474-1A3956D46DE8}") = "sdk", "sdk", "{FF13A09E-0E72-1904-124B-A4E979EF28D3}"
EndProject
Project("{2150E333-8FDC-42A3-9474-1A3956D46DE8}") = "aws-dotnet", "aws-dotnet", "{C0BD5AE1-CC50-05D2-5EBE-279594837259}"
EndProject
Project("{FAE04EC0-301F-11D3-BF4B-00C04F79EFBC}") = "defang-aws", "examples\aws-dotnet\defang-aws.csproj", "{ECF36C53-866A-D129-9F4F-BCCDD0F73045}"
EndProject
Project("{2150E333-8FDC-42A3-9474-1A3956D46DE8}") = "gcp-dotnet", "gcp-dotnet", "{B9112D72-97FD-9C82-76A4-9787DDDA851B}"
EndProject
Project("{FAE04EC0-301F-11D3-BF4B-00C04F79EFBC}") = "defang-gcp", "examples\gcp-dotnet\defang-gcp.csproj", "{BB6A3D85-3173-0B44-763B-201DFD985AD1}"
EndProject
Project("{2150E333-8FDC-42A3-9474-1A3956D46DE8}") = "azure-dotnet", "azure-dotnet", "{2657532E-55FC-B7C9-BF1E-98355A3FD2CD}"
EndProject
Project("{FAE04EC0-301F-11D3-BF4B-00C04F79EFBC}") = "defang-azure", "examples\azure-dotnet\defang-azure.csproj", "{2502D2AA-2A5E-6203-118E-1A2A6D729EEF}"
EndProject
Project("{2150E333-8FDC-42A3-9474-1A3956D46DE8}") = "dotnet", "dotnet", "{9D954F24-B3F1-FF05-00E7-71549D8DD0D6}"
EndProject
Project("{2150E333-8FDC-42A3-9474-1A3956D46DE8}") = "defang-aws", "defang-aws", "{AD77AF99-6D67-EEB8-A2A4-6CBE690DB261}"
EndProject
Project("{FAE04EC0-301F-11D3-BF4B-00C04F79EFBC}") = "DefangLabs.DefangAws", "sdk\dotnet\defang-aws\DefangLabs.DefangAws.csproj", "{5D2560FC-2FD9-2CC9-A6DE-56517D10658D}"
EndProject
Project("{2150E333-8FDC-42A3-9474-1A3956D46DE8}") = "defang-gcp", "defang-gcp", "{8A137B3C-A36B-F9E3-B743-170481C913D6}"
EndProject
Project("{FAE04EC0-301F-11D3-BF4B-00C04F79EFBC}") = "DefangLabs.DefangGcp", "sdk\dotnet\defang-gcp\DefangLabs.DefangGcp.csproj", "{E16F89F8-CFB6-04A6-2CD4-CC898CE2171E}"
EndProject
Project("{2150E333-8FDC-42A3-9474-1A3956D46DE8}") = "defang-azure", "defang-azure", "{24F0ED14-4677-B0EA-D9EE-1926A29FECEE}"
EndProject
Project("{FAE04EC0-301F-11D3-BF4B-00C04F79EFBC}") = "DefangLabs.DefangAzure", "sdk\dotnet\defang-azure\DefangLabs.DefangAzure.csproj", "{5688D229-67DE-857A-7B80-DEB8722EE81F}"
EndProject
Global
	GlobalSection(SolutionConfigurationPlatforms) = preSolution
		Debug|Any CPU = Debug|Any CPU
		Release|Any CPU = Release|Any CPU
	EndGlobalSection
	GlobalSection(ProjectConfigurationPlatforms) = postSolution
		{ECF36C53-866A-D129-9F4F-BCCDD0F73045}.Debug|Any CPU.ActiveCfg = Debug|Any CPU
		{ECF36C53-866A-D129-9F4F-BCCDD0F73045}.Debug|Any CPU.Build.0 = Debug|Any CPU
		{ECF36C53-866A-D129-9F4F-BCCDD0F73045}.Release|Any CPU.ActiveCfg = Release|Any CPU
		{ECF36C53-866A-D129-9F4F-BCCDD0F73045}.Release|Any CPU.Build.0 = Release|Any CPU
		{BB6A3D85-3173-0B44-763B-201DFD985AD1}.Debug|Any CPU.ActiveCfg = Debug|Any CPU
		{BB6A3D85-3173-0B44-763B-201DFD985AD1}.Debug|Any CPU.Build.0 = Debug|Any CPU
		{BB6A3D85-3173-0B44-763B-201DFD985AD1}.Release|Any CPU.ActiveCfg = Release|Any CPU
		{BB6A3D85-3173-0B44-763B-201DFD985AD1}.Release|Any CPU.Build.0 = Release|Any CPU
		{2502D2AA-2A5E-6203-118E-1A2A6D729EEF}.Debug|Any CPU.ActiveCfg = Debug|Any CPU
		{2502D2AA-2A5E-6203-118E-1A2A6D729EEF}.Debug|Any CPU.Build.0 = Debug|Any CPU
		{2502D2AA-2A5E-6203-118E-1A2A6D729EEF}.Release|Any CPU.ActiveCfg = Release|Any CPU
		{2502D2AA-2A5E-6203-118E-1A2A6D729EEF}.Release|Any CPU.Build.0 = Release|Any CPU
		{5D2560FC-2FD9-2CC9-A6DE-56517D10658D}.Debug|Any CPU.ActiveCfg = Debug|Any CPU
		{5D2560FC-2FD9-2CC9-A6DE-56517D10658D}.Debug|Any CPU.Build.0 = Debug|Any CPU
		{5D2560FC-2FD9-2CC9-A6DE-56517D10658D}.Release|Any CPU.ActiveCfg = Release|Any CPU
		{5D2560FC-2FD9-2CC9-A6DE-56517D10658D}.Release|Any CPU.Build.0 = Release|Any CPU
		{E16F89F8-CFB6-04A6-2CD4-CC898CE2171E}.Debug|Any CPU.ActiveCfg = Debug|Any CPU
		{E16F89F8-CFB6-04A6-2CD4-CC898CE2171E}.Debug|Any CPU.Build.0 = Debug|Any CPU
		{E16F89F8-CFB6-04A6-2CD4-CC898CE2171E}.Release|Any CPU.ActiveCfg = Release|Any CPU
		{E16F89F8-CFB6-04A6-2CD4-CC898CE2171E}.Release|Any CPU.Build.0 = Release|Any CPU
		{5688D229-67DE-857A-7B80-DEB8722EE81F}.Debug|Any CPU.ActiveCfg = Debug|Any CPU
		{5688D229-67DE-857A-7B80-DEB8722EE81F}.Debug|Any CPU.Build.0 = Debug|Any CPU
		{5688D229-67DE-857A-7B80-DEB8722EE81F}.Release|Any CPU.ActiveCfg = Release|Any CPU
		{5688D229-67DE-857A-7B80-DEB8722EE81F}.Release|Any CPU.Build.0 = Release|Any CPU
	EndGlobalSection
	GlobalSection(SolutionProperties) = preSolution
		HideSolutionNode = FALSE
	EndGlobalSection
	GlobalSection(NestedProjects) = preSolution
		{C0BD5AE1-CC50-05D2-5EBE-279594837259} = {B36A84DF-456D-A817-6EDD-3EC3E7F6E11F}
		{ECF36C53-866A-D129-9F4F-BCCDD0F73045} = {C0BD5AE1-CC50-05D2-5EBE-279594837259}
		{B9112D72-97FD-9C82-76A4-9787DDDA851B} = {B36A84DF-456D-A817-6EDD-3EC3E7F6E11F}
		{BB6A3D85-3173-0B44-763B-201DFD985AD1} = {B9112D72-97FD-9C82-76A4-9787DDDA851B}
		{2657532E-55FC-B7C9-BF1E-98355A3FD2CD} = {B36A84DF-456D-A817-6EDD-3EC3E7F6E11F}
		{2502D2AA-2A5E-6203-118E-1A2A6D729EEF} = {2657532E-55FC-B7C9-BF1E-98355A3FD2CD}
		{9D954F24-B3F1-FF05-00E7-71549D8DD0D6} = {FF13A09E-0E72-1904-124B-A4E979EF28D3}
		{AD77AF99-6D67-EEB8-A2A4-6CBE690DB261} = {9D954F24-B3F1-FF05-00E7-71549D8DD0D6}
		{5D2560FC-2FD9-2CC9-A6DE-56517D10658D} = {AD77AF99-6D67-EEB8-A2A4-6CBE690DB261}
		{8A137B3C-A36B-F9E3-B743-170481C913D6} = {9D954F24-B3F1-FF05-00E7-71549D8DD0D6}
		{E16F89F8-CFB6-04A6-2CD4-CC898CE2171E} = {8A137B3C-A36B-F9E3-B743-170481C913D6}
		{24F0ED14-4677-B0EA-D9EE-1926A29FECEE} = {9D954F24-B3F1-FF05-00E7-71549D8DD0D6}
		{5688D229-67DE-857A-7B80-DEB8722EE81F} = {24F0ED14-4677-B0EA-D9EE-1926A29FECEE}
	EndGlobalSection
	GlobalSection(ExtensibilityGlobals) = postSolution
		SolutionGuid = {694BE771-B91A-4515-B20E-CF31CA8B1274}
	EndGlobalSection
EndGlobal
